
Microsoft Visual Studio Solution File, Format Version 12.00
# Visual Studio 15
VisualStudioVersion = 15.0.28010.2050
MinimumVisualStudioVersion = 10.0.40219.1
Project("{FAE04EC0-301F-11D3-BF4B-00C04F79EFBC}") = "Exam", "Exam\Exam.csproj", "{4AFA8303-7557-4EA6-ACB9-9AFEB52D1DE6}"
EndProject
Global
	GlobalSection(SolutionConfigurationPlatforms) = preSolution
		Debug|Any CPU = Debug|Any CPU
		Release|Any CPU = Release|Any CPU
	EndGlobalSection
	GlobalSection(ProjectConfigurationPlatforms) = postSolution
		{4AFA8303-7557-4EA6-ACB9-9AFEB52D1DE6}.Debug|Any CPU.ActiveCfg = Debug|Any CPU
		{4AFA8303-7557-4EA6-ACB9-9AFEB52D1DE6}.Debug|Any CPU.Build.0 = Debug|Any CPU
		{4AFA8303-7557-4EA6-ACB9-9AFEB52D1DE6}.Release|Any CPU.ActiveCfg = Release|Any CPU
		{4AFA8303-7557-4EA6-ACB9-9AFEB52D1DE6}.Release|Any CPU.Build.0 = Release|Any CPU
	EndGlobalSection
	GlobalSection(SolutionProperties) = preSolution
		HideSolutionNode = FALSE
	EndGlobalSection
	GlobalSection(ExtensibilityGlobals) = postSolution
		SolutionGuid = {A126562C-70DD-479F-9783-AD6761E3AA67}
	EndGlobalSection
EndGlobal
